
Microsoft Visual Studio Solution File, Format Version 12.00
# Visual Studio Version 16
VisualStudioVersion = 16.0.32929.386
MinimumVisualStudioVersion = 10.0.40219.1
Project("{9A19103F-16F7-4668-BE54-9A1E7A4F7556}") = "DataAccess", "DataAccess\DataAccess.csproj", "{69B76BC9-9741-4E35-9835-604D87298B3F}"
EndProject
Project("{9A19103F-16F7-4668-BE54-9A1E7A4F7556}") = "Business", "Business\Business.csproj", "{A2AA6BC4-7068-4095-98AC-214BF5011F21}"
EndProject
Project("{9A19103F-16F7-4668-BE54-9A1E7A4F7556}") = "Entities", "Entities\Entities.csproj", "{4286EA7D-ABED-4C8D-B3E3-D85A20E4D2C1}"
EndProject
Project("{9A19103F-16F7-4668-BE54-9A1E7A4F7556}") = "ConsolUI", "ConsolUI\ConsolUI.csproj", "{F91B4152-2D52-42B3-838E-B22C170F7B79}"
EndProject
Project("{FAE04EC0-301F-11D3-BF4B-00C04F79EFBC}") = "Core", "Core\Core.csproj", "{6D9F5910-7099-4CBA-AA32-DCFDE9BA40A5}"
EndProject
Global
	GlobalSection(SolutionConfigurationPlatforms) = preSolution
		Debug|Any CPU = Debug|Any CPU
		Release|Any CPU = Release|Any CPU
	EndGlobalSection
	GlobalSection(ProjectConfigurationPlatforms) = postSolution
		{69B76BC9-9741-4E35-9835-604D87298B3F}.Debug|Any CPU.ActiveCfg = Debug|Any CPU
		{69B76BC9-9741-4E35-9835-604D87298B3F}.Debug|Any CPU.Build.0 = Debug|Any CPU
		{69B76BC9-9741-4E35-9835-604D87298B3F}.Release|Any CPU.ActiveCfg = Release|Any CPU
		{69B76BC9-9741-4E35-9835-604D87298B3F}.Release|Any CPU.Build.0 = Release|Any CPU
		{A2AA6BC4-7068-4095-98AC-214BF5011F21}.Debug|Any CPU.ActiveCfg = Debug|Any CPU
		{A2AA6BC4-7068-4095-98AC-214BF5011F21}.Debug|Any CPU.Build.0 = Debug|Any CPU
		{A2AA6BC4-7068-4095-98AC-214BF5011F21}.Release|Any CPU.ActiveCfg = Release|Any CPU
		{A2AA6BC4-7068-4095-98AC-214BF5011F21}.Release|Any CPU.Build.0 = Release|Any CPU
		{4286EA7D-ABED-4C8D-B3E3-D85A20E4D2C1}.Debug|Any CPU.ActiveCfg = Debug|Any CPU
		{4286EA7D-ABED-4C8D-B3E3-D85A20E4D2C1}.Debug|Any CPU.Build.0 = Debug|Any CPU
		{4286EA7D-ABED-4C8D-B3E3-D85A20E4D2C1}.Release|Any CPU.ActiveCfg = Release|Any CPU
		{4286EA7D-ABED-4C8D-B3E3-D85A20E4D2C1}.Release|Any CPU.Build.0 = Release|Any CPU
		{F91B4152-2D52-42B3-838E-B22C170F7B79}.Debug|Any CPU.ActiveCfg = Debug|Any CPU
		{F91B4152-2D52-42B3-838E-B22C170F7B79}.Debug|Any CPU.Build.0 = Debug|Any CPU
		{F91B4152-2D52-42B3-838E-B22C170F7B79}.Release|Any CPU.ActiveCfg = Release|Any CPU
		{F91B4152-2D52-42B3-838E-B22C170F7B79}.Release|Any CPU.Build.0 = Release|Any CPU
		{6D9F5910-7099-4CBA-AA32-DCFDE9BA40A5}.Debug|Any CPU.ActiveCfg = Debug|Any CPU
		{6D9F5910-7099-4CBA-AA32-DCFDE9BA40A5}.Debug|Any CPU.Build.0 = Debug|Any CPU
		{6D9F5910-7099-4CBA-AA32-DCFDE9BA40A5}.Release|Any CPU.ActiveCfg = Release|Any CPU
		{6D9F5910-7099-4CBA-AA32-DCFDE9BA40A5}.Release|Any CPU.Build.0 = Release|Any CPU
	EndGlobalSection
	GlobalSection(SolutionProperties) = preSolution
		HideSolutionNode = FALSE
	EndGlobalSection
	GlobalSection(ExtensibilityGlobals) = postSolution
		SolutionGuid = {54AB18C1-D94C-4FD3-968E-6E21E6CF3DB6}
	EndGlobalSection
EndGlobal
